# THIS IS AN AUTOGENERATED FILE. DO NOT EDIT THIS FILE DIRECTLY.
# yarn lockfile v1


async-limiter@~1.0.0:
  version "1.0.0"
  resolved "https://registry.yarnpkg.com/async-limiter/-/async-limiter-1.0.0.tgz#78faed8c3d074ab81f22b4e985d79e8738f720f8"

bluebird@^3.5.1:
  version "3.5.1"
  resolved "https://registry.yarnpkg.com/bluebird/-/bluebird-3.5.1.tgz#d9551f9de98f1fcda1e683d17ee91a0602ee2eb9"

canvas@^1.6.10, canvas@^1.6.3:
  version "1.6.10"
  resolved "https://registry.yarnpkg.com/canvas/-/canvas-1.6.10.tgz#aa938354642e7d61479ae5a76373b3233d7bbac8"
  dependencies:
    nan "^2.4.0"

cjopus@^0.0.4:
  version "0.0.4"
  resolved "https://registry.yarnpkg.com/cjopus/-/cjopus-0.0.4.tgz#46f3cfc96b83f7d78446de8b4cfd994b5889a9a0"

discord-spoiler-bot@^2.0.6:
  version "2.0.6"
  resolved "https://registry.yarnpkg.com/discord-spoiler-bot/-/discord-spoiler-bot-2.0.6.tgz#076726350dff901e7ea8754cc78565f31bb16883"
  dependencies:
    bluebird "^3.5.1"
    canvas "^1.6.3"
    discord.io "github:woor/discord.io#gateway_v6"
    discord.js "^11.1.0"
    gifencoder "^1.0.6"

"discord.io@github:woor/discord.io#gateway_v6":
  version "2.5.3"
  resolved "https://codeload.github.com/woor/discord.io/tar.gz/3cc5a763056c361cbdd31281f486827b3193a48c"
  dependencies:
    cjopus "^0.0.4"
    tweetnacl "^0.14.0"
    ws "^1.1.0"

discord.js@^11.1.0:
  version "11.3.2"
  resolved "https://registry.yarnpkg.com/discord.js/-/discord.js-11.3.2.tgz#3c4074c1cb1a4916582fb96ded5ffa1324411f95"
  dependencies:
    long "^4.0.0"
    prism-media "^0.0.2"
    snekfetch "^3.6.4"
    tweetnacl "^1.0.0"
    ws "^4.0.0"

gifencoder@^1.0.6:
  version "1.1.0"
  resolved "https://registry.yarnpkg.com/gifencoder/-/gifencoder-1.1.0.tgz#50e7d98c4b0cf97edd0d885d7e1b997f88802de3"

long@^4.0.0:
  version "4.0.0"
  resolved "https://registry.yarnpkg.com/long/-/long-4.0.0.tgz#9a7b71cfb7d361a194ea555241c92f7468d5bf28"

nan@^2.4.0:
  version "2.10.0"
  resolved "https://registry.yarnpkg.com/nan/-/nan-2.10.0.tgz#96d0cd610ebd58d4b4de9cc0c6828cda99c7548f"

options@>=0.0.5:
  version "0.0.6"
  resolved "https://registry.yarnpkg.com/options/-/options-0.0.6.tgz#ec22d312806bb53e731773e7cdaefcf1c643128f"

prism-media@^0.0.2:
  version "0.0.2"
  resolved "https://registry.yarnpkg.com/prism-media/-/prism-media-0.0.2.tgz#aa917b084576c4df6488e4ea8e7d6d44aed4b411"

safe-buffer@~5.1.0:
  version "5.1.2"
  resolved "https://registry.yarnpkg.com/safe-buffer/-/safe-buffer-5.1.2.tgz#991ec69d296e0313747d59bdfd2b745c35f8828d"

snekfetch@^3.6.4:
  version "3.6.4"
  resolved "https://registry.yarnpkg.com/snekfetch/-/snekfetch-3.6.4.tgz#d13e80a616d892f3d38daae4289f4d258a645120"

tweetnacl@^0.14.0:
  version "0.14.5"
  resolved "https://registry.yarnpkg.com/tweetnacl/-/tweetnacl-0.14.5.tgz#5ae68177f192d4456269d108afa93ff8743f4f64"

tweetnacl@^1.0.0:
  version "1.0.0"
  resolved "https://registry.yarnpkg.com/tweetnacl/-/tweetnacl-1.0.0.tgz#713d8b818da42068740bf68386d0479e66fc8a7b"

ultron@1.0.x:
  version "1.0.2"
  resolved "https://registry.yarnpkg.com/ultron/-/ultron-1.0.2.tgz#ace116ab557cd197386a4e88f4685378c8b2e4fa"

ws@^1.1.0:
  version "1.1.5"
  resolved "https://registry.yarnpkg.com/ws/-/ws-1.1.5.tgz#cbd9e6e75e09fc5d2c90015f21f0c40875e0dd51"
  dependencies:
    options ">=0.0.5"
    ultron "1.0.x"

ws@^4.0.0:
  version "4.1.0"
  resolved "https://registry.yarnpkg.com/ws/-/ws-4.1.0.tgz#a979b5d7d4da68bf54efe0408967c324869a7289"
  dependencies:
    async-limiter "~1.0.0"
    safe-buffer "~5.1.0"
